Microsoft Visual Studio Solution File, Format Version 12.00
# Visual Studio 14
Project("{8BC9CEB8-8B4A-11D0-8D11-00A0C91BC942}") = "ALL_BUILD", "ALL_BUILD.vcxproj", "{0B8176D1-106E-3E74-B326-07A0FBA50C90}"
	ProjectSection(ProjectDependencies) = postProject
		{1E78288E-EB47-314D-8A43-DF23BF650646} = {1E78288E-EB47-314D-8A43-DF23BF650646}
		{76AD8F92-2A22-3F16-B818-F7926BAB8849} = {76AD8F92-2A22-3F16-B818-F7926BAB8849}
		{6E388FAA-97A7-31F6-8BEF-C49A1F0D2FF3} = {6E388FAA-97A7-31F6-8BEF-C49A1F0D2FF3}
		{B97D1AC9-5612-37A3-A46D-DC1620ED771F} = {B97D1AC9-5612-37A3-A46D-DC1620ED771F}
		{48174214-C6FA-3A35-A2C0-7B2EFF3CBF48} = {48174214-C6FA-3A35-A2C0-7B2EFF3CBF48}
		{5D4D5BCB-603C-32F1-920D-35BE07D66D21} = {5D4D5BCB-603C-32F1-920D-35BE07D66D21}
		{560B0DA8-F44A-33AC-BD99-5B571E5C046D} = {560B0DA8-F44A-33AC-BD99-5B571E5C046D}
	EndProjectSection
EndProject
Project("{8BC9CEB8-8B4A-11D0-8D11-00A0C91BC942}") = "ZERO_CHECK", "ZERO_CHECK.vcxproj", "{1E78288E-EB47-314D-8A43-DF23BF650646}"
	ProjectSection(ProjectDependencies) = postProject
	EndProjectSection
EndProject
Project("{8BC9CEB8-8B4A-11D0-8D11-00A0C91BC942}") = "lesson_13", "lesson_13.vcxproj", "{76AD8F92-2A22-3F16-B818-F7926BAB8849}"
	ProjectSection(ProjectDependencies) = postProject
		{1E78288E-EB47-314D-8A43-DF23BF650646} = {1E78288E-EB47-314D-8A43-DF23BF650646}
		{560B0DA8-F44A-33AC-BD99-5B571E5C046D} = {560B0DA8-F44A-33AC-BD99-5B571E5C046D}
	EndProjectSection
EndProject
Project("{8BC9CEB8-8B4A-11D0-8D11-00A0C91BC942}") = "lesson_14", "lesson_14.vcxproj", "{6E388FAA-97A7-31F6-8BEF-C49A1F0D2FF3}"
	ProjectSection(ProjectDependencies) = postProject
		{1E78288E-EB47-314D-8A43-DF23BF650646} = {1E78288E-EB47-314D-8A43-DF23BF650646}
		{560B0DA8-F44A-33AC-BD99-5B571E5C046D} = {560B0DA8-F44A-33AC-BD99-5B571E5C046D}
	EndProjectSection
EndProject
Project("{8BC9CEB8-8B4A-11D0-8D11-00A0C91BC942}") = "lesson_15", "lesson_15.vcxproj", "{B97D1AC9-5612-37A3-A46D-DC1620ED771F}"
	ProjectSection(ProjectDependencies) = postProject
		{1E78288E-EB47-314D-8A43-DF23BF650646} = {1E78288E-EB47-314D-8A43-DF23BF650646}
		{560B0DA8-F44A-33AC-BD99-5B571E5C046D} = {560B0DA8-F44A-33AC-BD99-5B571E5C046D}
	EndProjectSection
EndProject
Project("{8BC9CEB8-8B4A-11D0-8D11-00A0C91BC942}") = "lesson_16", "lesson_16.vcxproj", "{48174214-C6FA-3A35-A2C0-7B2EFF3CBF48}"
	ProjectSection(ProjectDependencies) = postProject
		{1E78288E-EB47-314D-8A43-DF23BF650646} = {1E78288E-EB47-314D-8A43-DF23BF650646}
		{560B0DA8-F44A-33AC-BD99-5B571E5C046D} = {560B0DA8-F44A-33AC-BD99-5B571E5C046D}
	EndProjectSection
EndProject
Project("{8BC9CEB8-8B4A-11D0-8D11-00A0C91BC942}") = "lesson_17", "lesson_17.vcxproj", "{5D4D5BCB-603C-32F1-920D-35BE07D66D21}"
	ProjectSection(ProjectDependencies) = postProject
		{1E78288E-EB47-314D-8A43-DF23BF650646} = {1E78288E-EB47-314D-8A43-DF23BF650646}
		{560B0DA8-F44A-33AC-BD99-5B571E5C046D} = {560B0DA8-F44A-33AC-BD99-5B571E5C046D}
	EndProjectSection
EndProject
Project("{8BC9CEB8-8B4A-11D0-8D11-00A0C91BC942}") = "libchapter3", "libchapter3.vcxproj", "{560B0DA8-F44A-33AC-BD99-5B571E5C046D}"
	ProjectSection(ProjectDependencies) = postProject
		{1E78288E-EB47-314D-8A43-DF23BF650646} = {1E78288E-EB47-314D-8A43-DF23BF650646}
	EndProjectSection
EndProject
Global
	GlobalSection(SolutionConfigurationPlatforms) = preSolution
		Debug|Win32 = Debug|Win32
		Release|Win32 = Release|Win32
		MinSizeRel|Win32 = MinSizeRel|Win32
		RelWithDebInfo|Win32 = RelWithDebInfo|Win32
	EndGlobalSection
	GlobalSection(ProjectConfigurationPlatforms) = postSolution
		{0B8176D1-106E-3E74-B326-07A0FBA50C90}.Debug|Win32.ActiveCfg = Debug|Win32
		{0B8176D1-106E-3E74-B326-07A0FBA50C90}.Release|Win32.ActiveCfg = Release|Win32
		{0B8176D1-106E-3E74-B326-07A0FBA50C90}.MinSizeRel|Win32.ActiveCfg = MinSizeRel|Win32
		{0B8176D1-106E-3E74-B326-07A0FBA50C90}.RelWithDebInfo|Win32.ActiveCfg = RelWithDebInfo|Win32
		{1E78288E-EB47-314D-8A43-DF23BF650646}.Debug|Win32.ActiveCfg = Debug|Win32
		{1E78288E-EB47-314D-8A43-DF23BF650646}.Debug|Win32.Build.0 = Debug|Win32
		{1E78288E-EB47-314D-8A43-DF23BF650646}.Release|Win32.ActiveCfg = Release|Win32
		{1E78288E-EB47-314D-8A43-DF23BF650646}.Release|Win32.Build.0 = Release|Win32
		{1E78288E-EB47-314D-8A43-DF23BF650646}.MinSizeRel|Win32.ActiveCfg = MinSizeRel|Win32
		{1E78288E-EB47-314D-8A43-DF23BF650646}.MinSizeRel|Win32.Build.0 = MinSizeRel|Win32
		{1E78288E-EB47-314D-8A43-DF23BF650646}.RelWithDebInfo|Win32.ActiveCfg = RelWithDebInfo|Win32
		{1E78288E-EB47-314D-8A43-DF23BF650646}.RelWithDebInfo|Win32.Build.0 = RelWithDebInfo|Win32
		{76AD8F92-2A22-3F16-B818-F7926BAB8849}.Debug|Win32.ActiveCfg = Debug|Win32
		{76AD8F92-2A22-3F16-B818-F7926BAB8849}.Debug|Win32.Build.0 = Debug|Win32
		{76AD8F92-2A22-3F16-B818-F7926BAB8849}.Release|Win32.ActiveCfg = Release|Win32
		{76AD8F92-2A22-3F16-B818-F7926BAB8849}.Release|Win32.Build.0 = Release|Win32
		{76AD8F92-2A22-3F16-B818-F7926BAB8849}.MinSizeRel|Win32.ActiveCfg = MinSizeRel|Win32
		{76AD8F92-2A22-3F16-B818-F7926BAB8849}.MinSizeRel|Win32.Build.0 = MinSizeRel|Win32
		{76AD8F92-2A22-3F16-B818-F7926BAB8849}.RelWithDebInfo|Win32.ActiveCfg = RelWithDebInfo|Win32
		{76AD8F92-2A22-3F16-B818-F7926BAB8849}.RelWithDebInfo|Win32.Build.0 = RelWithDebInfo|Win32
		{6E388FAA-97A7-31F6-8BEF-C49A1F0D2FF3}.Debug|Win32.ActiveCfg = Debug|Win32
		{6E388FAA-97A7-31F6-8BEF-C49A1F0D2FF3}.Debug|Win32.Build.0 = Debug|Win32
		{6E388FAA-97A7-31F6-8BEF-C49A1F0D2FF3}.Release|Win32.ActiveCfg = Release|Win32
		{6E388FAA-97A7-31F6-8BEF-C49A1F0D2FF3}.Release|Win32.Build.0 = Release|Win32
		{6E388FAA-97A7-31F6-8BEF-C49A1F0D2FF3}.MinSizeRel|Win32.ActiveCfg = MinSizeRel|Win32
		{6E388FAA-97A7-31F6-8BEF-C49A1F0D2FF3}.MinSizeRel|Win32.Build.0 = MinSizeRel|Win32
		{6E388FAA-97A7-31F6-8BEF-C49A1F0D2FF3}.RelWithDebInfo|Win32.ActiveCfg = RelWithDebInfo|Win32
		{6E388FAA-97A7-31F6-8BEF-C49A1F0D2FF3}.RelWithDebInfo|Win32.Build.0 = RelWithDebInfo|Win32
		{B97D1AC9-5612-37A3-A46D-DC1620ED771F}.Debug|Win32.ActiveCfg = Debug|Win32
		{B97D1AC9-5612-37A3-A46D-DC1620ED771F}.Debug|Win32.Build.0 = Debug|Win32
		{B97D1AC9-5612-37A3-A46D-DC1620ED771F}.Release|Win32.ActiveCfg = Release|Win32
		{B97D1AC9-5612-37A3-A46D-DC1620ED771F}.Release|Win32.Build.0 = Release|Win32
		{B97D1AC9-5612-37A3-A46D-DC1620ED771F}.MinSizeRel|Win32.ActiveCfg = MinSizeRel|Win32
		{B97D1AC9-5612-37A3-A46D-DC1620ED771F}.MinSizeRel|Win32.Build.0 = MinSizeRel|Win32
		{B97D1AC9-5612-37A3-A46D-DC1620ED771F}.RelWithDebInfo|Win32.ActiveCfg = RelWithDebInfo|Win32
		{B97D1AC9-5612-37A3-A46D-DC1620ED771F}.RelWithDebInfo|Win32.Build.0 = RelWithDebInfo|Win32
		{48174214-C6FA-3A35-A2C0-7B2EFF3CBF48}.Debug|Win32.ActiveCfg = Debug|Win32
		{48174214-C6FA-3A35-A2C0-7B2EFF3CBF48}.Debug|Win32.Build.0 = Debug|Win32
		{48174214-C6FA-3A35-A2C0-7B2EFF3CBF48}.Release|Win32.ActiveCfg = Release|Win32
		{48174214-C6FA-3A35-A2C0-7B2EFF3CBF48}.Release|Win32.Build.0 = Release|Win32
		{48174214-C6FA-3A35-A2C0-7B2EFF3CBF48}.MinSizeRel|Win32.ActiveCfg = MinSizeRel|Win32
		{48174214-C6FA-3A35-A2C0-7B2EFF3CBF48}.MinSizeRel|Win32.Build.0 = MinSizeRel|Win32
		{48174214-C6FA-3A35-A2C0-7B2EFF3CBF48}.RelWithDebInfo|Win32.ActiveCfg = RelWithDebInfo|Win32
		{48174214-C6FA-3A35-A2C0-7B2EFF3CBF48}.RelWithDebInfo|Win32.Build.0 = RelWithDebInfo|Win32
		{5D4D5BCB-603C-32F1-920D-35BE07D66D21}.Debug|Win32.ActiveCfg = Debug|Win32
		{5D4D5BCB-603C-32F1-920D-35BE07D66D21}.Debug|Win32.Build.0 = Debug|Win32
		{5D4D5BCB-603C-32F1-920D-35BE07D66D21}.Release|Win32.ActiveCfg = Release|Win32
		{5D4D5BCB-603C-32F1-920D-35BE07D66D21}.Release|Win32.Build.0 = Release|Win32
		{5D4D5BCB-603C-32F1-920D-35BE07D66D21}.MinSizeRel|Win32.ActiveCfg = MinSizeRel|Win32
		{5D4D5BCB-603C-32F1-920D-35BE07D66D21}.MinSizeRel|Win32.Build.0 = MinSizeRel|Win32
		{5D4D5BCB-603C-32F1-920D-35BE07D66D21}.RelWithDebInfo|Win32.ActiveCfg = RelWithDebInfo|Win32
		{5D4D5BCB-603C-32F1-920D-35BE07D66D21}.RelWithDebInfo|Win32.Build.0 = RelWithDebInfo|Win32
		{560B0DA8-F44A-33AC-BD99-5B571E5C046D}.Debug|Win32.ActiveCfg = Debug|Win32
		{560B0DA8-F44A-33AC-BD99-5B571E5C046D}.Debug|Win32.Build.0 = Debug|Win32
		{560B0DA8-F44A-33AC-BD99-5B571E5C046D}.Release|Win32.ActiveCfg = Release|Win32
		{560B0DA8-F44A-33AC-BD99-5B571E5C046D}.Release|Win32.Build.0 = Release|Win32
		{560B0DA8-F44A-33AC-BD99-5B571E5C046D}.MinSizeRel|Win32.ActiveCfg = MinSizeRel|Win32
		{560B0DA8-F44A-33AC-BD99-5B571E5C046D}.MinSizeRel|Win32.Build.0 = MinSizeRel|Win32
		{560B0DA8-F44A-33AC-BD99-5B571E5C046D}.RelWithDebInfo|Win32.ActiveCfg = RelWithDebInfo|Win32
		{560B0DA8-F44A-33AC-BD99-5B571E5C046D}.RelWithDebInfo|Win32.Build.0 = RelWithDebInfo|Win32
	EndGlobalSection
	GlobalSection(ExtensibilityGlobals) = postSolution
	EndGlobalSection
	GlobalSection(ExtensibilityAddIns) = postSolution
	EndGlobalSection
EndGlobal
