<?xml version="1.0" encoding="UTF-8"?>
<Project ToolsVersion="14.0" xmlns="http://schemas.microsoft.com/developer/msbuild/2003">
  <ItemGroup>
    <ClCompile Include="C:\github\cg_course_examples\chapter_3\lesson_14\Quad.cpp">
      <Filter>Source Files</Filter>
    </ClCompile>
    <ClCompile Include="C:\github\cg_course_examples\chapter_3\lesson_14\WindowClient.cpp">
      <Filter>Source Files</Filter>
    </ClCompile>
    <ClCompile Include="C:\github\cg_course_examples\chapter_3\lesson_14\main.cpp">
      <Filter>Source Files</Filter>
    </ClCompile>
    <ClCompile Include="C:\github\cg_course_examples\chapter_3\lesson_14\stdafx.cpp">
      <Filter>Source Files</Filter>
    </ClCompile>
  </ItemGroup>
  <ItemGroup>
    <ClInclude Include="C:\github\cg_course_examples\chapter_3\lesson_14\Quad.h">
      <Filter>Header Files</Filter>
    </ClInclude>
    <ClInclude Include="C:\github\cg_course_examples\chapter_3\lesson_14\WindowClient.h">
      <Filter>Header Files</Filter>
    </ClInclude>
    <ClInclude Include="C:\github\cg_course_examples\chapter_3\lesson_14\stdafx.h">
      <Filter>Header Files</Filter>
    </ClInclude>
  </ItemGroup>
  <ItemGroup>
    <CustomBuild Include="C:\github\cg_course_examples\chapter_3\CMakeLists.txt" />
  </ItemGroup>
  <ItemGroup>
    <Filter Include="Source Files">
      <UniqueIdentifier>{6874151B-CF6C-33E7-864E-891733559565}</UniqueIdentifier>
    </Filter>
    <Filter Include="Header Files">
      <UniqueIdentifier>{C2C262C7-EE4E-3B8D-ADE4-51D92C9A9C06}</UniqueIdentifier>
    </Filter>
  </ItemGroup>
</Project>
